
Microsoft Visual Studio Solution File, Format Version 12.00
# Visual Studio Version 17
VisualStudioVersion = 17.14.36616.10 d17.14
MinimumVisualStudioVersion = 10.0.40219.1
Project("{FAE04EC0-301F-11D3-BF4B-00C04F79EFBC}") = "Tic-Tac-Toe", "Tic-Tac-Toe\Tic-Tac-Toe.csproj", "{21A2BE80-5775-4F45-BBDB-489C1EA9091C}"
EndProject
Global
	GlobalSection(SolutionConfigurationPlatforms) = preSolution
		Debug|Any CPU = Debug|Any CPU
		Release|Any CPU = Release|Any CPU
	EndGlobalSection
	GlobalSection(ProjectConfigurationPlatforms) = postSolution
		{21A2BE80-5775-4F45-BBDB-489C1EA9091C}.Debug|Any CPU.ActiveCfg = Debug|Any CPU
		{21A2BE80-5775-4F45-BBDB-489C1EA9091C}.Debug|Any CPU.Build.0 = Debug|Any CPU
		{21A2BE80-5775-4F45-BBDB-489C1EA9091C}.Release|Any CPU.ActiveCfg = Release|Any CPU
		{21A2BE80-5775-4F45-BBDB-489C1EA9091C}.Release|Any CPU.Build.0 = Release|Any CPU
	EndGlobalSection
	GlobalSection(SolutionProperties) = preSolution
		HideSolutionNode = FALSE
	EndGlobalSection
	GlobalSection(ExtensibilityGlobals) = postSolution
		SolutionGuid = {DBAFEB1E-AE53-4648-91A3-0F25FC4CC77B}
	EndGlobalSection
EndGlobal
